# This file is autogenerated, do not edit; changes may be undone by the next 'dep ensure'.


[[projects]]
  branch = "master"
  digest = "1:9a112e9f617878a9a643fdfcb7c31afaf0cf8859b8c179bf6bf53f9f881be695"
  name = "github.com/NebulousLabs/fastrand"
  packages = ["."]
  pruneopts = "UT"
  revision = "3cf7173006a0b7d2371fa1a220da7f9d48c7827c"

[[projects]]
  branch = "master"
  digest = "1:a940cbe66b93cfbd21916d06dca51a4f68cf0fccb95d7f0d80f4e127347e6e5e"
  name = "github.com/NebulousLabs/go-upnp"
  packages = [
    ".",
    "goupnp",
    "goupnp/dcps/internetgateway1",
    "goupnp/httpu",
    "goupnp/scpd",
    "goupnp/soap",
    "goupnp/ssdp",
  ]
  pruneopts = "UT"
  revision = "29b680b06c82d044ebea91bf3069038eb562df2a"

[[projects]]
  branch = "master"
  digest = "1:1c132b7395a7e4ce1359ce1bf6e1b4e9562490d60b5fd1bfde3af4c63fe052c5"
  name = "github.com/apaxa-go/eval"
  packages = ["."]
  pruneopts = "UT"
  revision = "1d18b251d6795e462ef99e1cd2d0c88f64a0918b"

[[projects]]
  branch = "master"
  digest = "1:7ebccb0531c344833d9b247fd76456336418ce732018bd9f58b929d2de8151a2"
  name = "github.com/apaxa-go/helper"
  packages = [
    "goh/asth",
    "goh/constanth",
    "goh/tokenh",
    "mathh",
    "reflecth",
    "strconvh",
    "stringsh",
    "unicodeh",
  ]
  pruneopts = "UT"
  revision = "61d31b1c31c30c359f50b231e26927c91369061a"

[[projects]]
  digest = "1:3c2529252615b209e6cf92c89a77505016f192372d279d28f49513fe7b69367c"
  name = "github.com/briandowns/spinner"
  packages = ["."]
  pruneopts = "UT"
  revision = "5b875a9171af19dbde37e70a8fcbe2ebd7285e05"
  version = "1.1"

[[projects]]
  digest = "1:865079840386857c809b72ce300be7580cb50d3d3129ce11bf9aa6ca2bc1934a"
  name = "github.com/fatih/color"
  packages = ["."]
  pruneopts = "UT"
  revision = "5b77d2a35fb0ede96d138fc9a99f5c9b6aef11b4"
  version = "v1.7.0"

[[projects]]
  digest = "1:ca82a3b99694824c627573c2a76d0e49719b4a9c02d1d85a2ac91f1c1f52ab9b"
  name = "github.com/fatih/structs"
  packages = ["."]
  pruneopts = "UT"
  revision = "a720dfa8df582c51dee1b36feabb906bde1588bd"
  version = "v1.0"

[[projects]]
  digest = "1:69148993c8baff35dbb0b5ec92eccb6b75b2b7255a4ad1257be38f51fff8f267"
  name = "github.com/golang/protobuf"
  packages = [
    "jsonpb",
    "proto",
    "ptypes/struct",
  ]
  pruneopts = "UT"
  revision = "aa810b61a9c79d51363740d207bb46cf8e620ed5"
  version = "v1.2.0"

[[projects]]
  digest = "1:c658e84ad3916da105a761660dcaeb01e63416c8ec7bc62256a9b411a05fcd67"
  name = "github.com/mattn/go-colorable"
  packages = ["."]
  pruneopts = "UT"
  revision = "167de6bfdfba052fa6b2d3664c8f5272e23c9072"
  version = "v0.0.9"

[[projects]]
  digest = "1:d4d17353dbd05cb52a2a52b7fe1771883b682806f68db442b436294926bbfafb"
  name = "github.com/mattn/go-isatty"
  packages = ["."]
  pruneopts = "UT"
  revision = "0360b2af4f38e8d38c7fce2a9f4e702702d73a39"
  version = "v0.0.3"

[[projects]]
  branch = "master"
  digest = "1:5ab79470a1d0fb19b041a624415612f8236b3c06070161a910562f2b2d064355"
  name = "github.com/mitchellh/mapstructure"
  packages = ["."]
  pruneopts = "UT"
  revision = "f15292f7a699fcc1a38a80977f80a046874ba8ac"

[[projects]]
  digest = "1:9d31420d25a097c1c69a96079d9fc7342299fd52c5a04b23f3ef23557e3ffc0a"
  name = "github.com/mitsukomegumi/Go-Rpcify"
  packages = [
    "common",
    "networking/types",
    "types",
  ]
  pruneopts = "UT"
  revision = "c7e61f4549bc33162a8b4b8176d8eb9a8b2bd786"
  version = "v1.0"

[[projects]]
  branch = "rpc"
  digest = "1:f3c1ae46f8ded29037ca191b8d733193291f4de340d1f54f24e93bb4b1d5c5f1"
  name = "github.com/mitsukomegumi/GoP2P"
  packages = ["rpc/proto"]
  pruneopts = "UT"
  revision = "cbf0ac4bea5f108913a772a30ccd0a5705339360"

[[projects]]
  branch = "master"
  digest = "1:9f3a60def1a1eb5ac184e71dde43c6f99606f54d106db7c95f8b8338629a777b"
  name = "github.com/tatsushid/go-fastping"
  packages = ["."]
  pruneopts = "UT"
  revision = "d7bb493dee3e090e2ffb6914adddf17c1e7c026c"

[[projects]]
  digest = "1:bc5f818bb50c42b55721ab0ea9af6c28cad7d9e31db43eaa78d2ca487c9897ac"
  name = "github.com/twitchtv/twirp"
  packages = [
    ".",
    "ctxsetters",
    "internal/contextkeys",
  ]
  pruneopts = "UT"
  revision = "8ad347ff7c94521ec5cc9e7a6c578d335fd676a5"
  version = "v5.4.2"

[[projects]]
  branch = "master"
  digest = "1:639218d427f9b9f6158eb48e936b0541d393cfed00707f0e51bd038524af80ea"
  name = "golang.org/x/crypto"
  packages = [
    "blake2b",
    "sha3",
  ]
  pruneopts = "UT"
  revision = "56440b844dfe139a8ac053f4ecac0b20b79058f4"

[[projects]]
  branch = "master"
  digest = "1:9720bf1adff0c3840a94ed52470cca030185cd9d2f707c11131a834c1c9ae0e8"
  name = "golang.org/x/net"
  packages = [
    "bpf",
    "html",
    "html/atom",
    "html/charset",
    "icmp",
    "internal/iana",
    "internal/socket",
    "ipv4",
    "ipv6",
  ]
  pruneopts = "UT"
  revision = "f4c29de78a2a91c00474a2e689954305c350adf9"

[[projects]]
  branch = "master"
  digest = "1:48553a464d471101ef13945f5e84d1d3fbde7de9e0165e45a4f47fa10f8c95be"
  name = "golang.org/x/sys"
  packages = [
    "cpu",
    "unix",
  ]
  pruneopts = "UT"
  revision = "0ffbfd41fbef8ffcf9b62b0b0aa3a5873ed7a4fe"

[[projects]]
  digest = "1:4392fcf42d5cf0e3ff78c96b2acf8223d49e4fdc53eb77c99d2f8dfe4680e006"
  name = "golang.org/x/text"
  packages = [
    "encoding",
    "encoding/charmap",
    "encoding/htmlindex",
    "encoding/internal",
    "encoding/internal/identifier",
    "encoding/japanese",
    "encoding/korean",
    "encoding/simplifiedchinese",
    "encoding/traditionalchinese",
    "encoding/unicode",
    "internal/gen",
    "internal/tag",
    "internal/triegen",
    "internal/ucd",
    "internal/utf8internal",
    "language",
    "runes",
    "transform",
    "unicode/cldr",
    "unicode/norm",
  ]
  pruneopts = "UT"
  revision = "f21a4dfb5e38f5895301dc265a8def02365cc3d0"
  version = "v0.3.0"

[solve-meta]
  analyzer-name = "dep"
  analyzer-version = 1
  input-imports = [
    "github.com/NebulousLabs/go-upnp",
    "github.com/briandowns/spinner",
    "github.com/fatih/structs",
    "github.com/golang/protobuf/jsonpb",
    "github.com/golang/protobuf/proto",
    "github.com/mitchellh/mapstructure",
    "github.com/mitsukomegumi/Go-Rpcify/networking/types",
    "github.com/mitsukomegumi/GoP2P/rpc/proto",
    "github.com/tatsushid/go-fastping",
    "github.com/twitchtv/twirp",
    "github.com/twitchtv/twirp/ctxsetters",
  ]
  solver-name = "gps-cdcl"
  solver-version = 1
